
Microsoft Visual Studio Solution File, Format Version 12.00
# Visual Studio Version 16
VisualStudioVersion = 16.0.31702.278
MinimumVisualStudioVersion = 10.0.40219.1
Project("{FAE04EC0-301F-11D3-BF4B-00C04F79EFBC}") = "week6", "week6\week6.csproj", "{0E5B2758-8F92-4C86-A3B1-CCFAC06B974B}"
EndProject
Global
	GlobalSection(SolutionConfigurationPlatforms) = preSolution
		Debug|Any CPU = Debug|Any CPU
		Release|Any CPU = Release|Any CPU
	EndGlobalSection
	GlobalSection(ProjectConfigurationPlatforms) = postSolution
		{0E5B2758-8F92-4C86-A3B1-CCFAC06B974B}.Debug|Any CPU.ActiveCfg = Debug|Any CPU
		{0E5B2758-8F92-4C86-A3B1-CCFAC06B974B}.Debug|Any CPU.Build.0 = Debug|Any CPU
		{0E5B2758-8F92-4C86-A3B1-CCFAC06B974B}.Release|Any CPU.ActiveCfg = Release|Any CPU
		{0E5B2758-8F92-4C86-A3B1-CCFAC06B974B}.Release|Any CPU.Build.0 = Release|Any CPU
	EndGlobalSection
	GlobalSection(SolutionProperties) = preSolution
		HideSolutionNode = FALSE
	EndGlobalSection
	GlobalSection(ExtensibilityGlobals) = postSolution
		SolutionGuid = {4A0BE376-D991-430B-B321-87F766DCCFC7}
	EndGlobalSection
EndGlobal
